
Microsoft Visual Studio Solution File, Format Version 12.00
# Visual Studio Version 17
VisualStudioVersion = 17.0.31903.59
MinimumVisualStudioVersion = 10.0.40219.1
Project("{2150E333-8FDC-42A3-9474-1A3956D46DE8}") = "src", "src", "{827E0CD3-B72D-47B6-A68D-7590B98EB39B}"
EndProject
Project("{FAE04EC0-301F-11D3-BF4B-00C04F79EFBC}") = "ZhuJieJing.App", "src\ZhuJieJing.App\ZhuJieJing.App.csproj", "{E5DE6B69-5BDA-4F23-925A-032F88648A67}"
EndProject
Project("{FAE04EC0-301F-11D3-BF4B-00C04F79EFBC}") = "ZhuJieJing.Assets", "src\ZhuJieJing.Assets\ZhuJieJing.Assets.csproj", "{BF64EDD0-87A2-4384-862D-1E4E900E81A3}"
EndProject
Project("{FAE04EC0-301F-11D3-BF4B-00C04F79EFBC}") = "ZhuJieJing.Core", "src\ZhuJieJing.Core\ZhuJieJing.Core.csproj", "{378EE6A8-C495-4BC0-8DF0-AF18C6F251C7}"
EndProject
Project("{FAE04EC0-301F-11D3-BF4B-00C04F79EFBC}") = "ZhuJieJing.Minecraft", "src\ZhuJieJing.Minecraft\ZhuJieJing.Minecraft.csproj", "{BE49B41D-3FAB-42ED-ABDA-0788235C438F}"
EndProject
Project("{FAE04EC0-301F-11D3-BF4B-00C04F79EFBC}") = "ZhuJieJing.Renderer", "src\ZhuJieJing.Renderer\ZhuJieJing.Renderer.csproj", "{6D384A25-E44E-401D-A40F-2ACB3E1B05A0}"
EndProject
Project("{FAE04EC0-301F-11D3-BF4B-00C04F79EFBC}") = "ZhuJieJing.SceneStore", "src\ZhuJieJing.SceneStore\ZhuJieJing.SceneStore.csproj", "{D365F0CF-9BEE-4C80-88A7-33CBE298C72C}"
EndProject
Project("{FAE04EC0-301F-11D3-BF4B-00C04F79EFBC}") = "ZhuJieJing.Cli", "src\ZhuJieJing.Cli\ZhuJieJing.Cli.csproj", "{AEF98456-3516-482D-8400-F60EEA3C0FE7}"
EndProject
Global
	GlobalSection(SolutionConfigurationPlatforms) = preSolution
		Debug|Any CPU = Debug|Any CPU
		Debug|x64 = Debug|x64
		Debug|x86 = Debug|x86
		Release|Any CPU = Release|Any CPU
		Release|x64 = Release|x64
		Release|x86 = Release|x86
	EndGlobalSection
	GlobalSection(ProjectConfigurationPlatforms) = postSolution
		{E5DE6B69-5BDA-4F23-925A-032F88648A67}.Debug|Any CPU.ActiveCfg = Debug|Any CPU
		{E5DE6B69-5BDA-4F23-925A-032F88648A67}.Debug|Any CPU.Build.0 = Debug|Any CPU
		{E5DE6B69-5BDA-4F23-925A-032F88648A67}.Debug|x64.ActiveCfg = Debug|Any CPU
		{E5DE6B69-5BDA-4F23-925A-032F88648A67}.Debug|x64.Build.0 = Debug|Any CPU
		{E5DE6B69-5BDA-4F23-925A-032F88648A67}.Debug|x86.ActiveCfg = Debug|Any CPU
		{E5DE6B69-5BDA-4F23-925A-032F88648A67}.Debug|x86.Build.0 = Debug|Any CPU
		{E5DE6B69-5BDA-4F23-925A-032F88648A67}.Release|Any CPU.ActiveCfg = Release|Any CPU
		{E5DE6B69-5BDA-4F23-925A-032F88648A67}.Release|Any CPU.Build.0 = Release|Any CPU
		{E5DE6B69-5BDA-4F23-925A-032F88648A67}.Release|x64.ActiveCfg = Release|Any CPU
		{E5DE6B69-5BDA-4F23-925A-032F88648A67}.Release|x64.Build.0 = Release|Any CPU
		{E5DE6B69-5BDA-4F23-925A-032F88648A67}.Release|x86.ActiveCfg = Release|Any CPU
		{E5DE6B69-5BDA-4F23-925A-032F88648A67}.Release|x86.Build.0 = Release|Any CPU
		{BF64EDD0-87A2-4384-862D-1E4E900E81A3}.Debug|Any CPU.ActiveCfg = Debug|Any CPU
		{BF64EDD0-87A2-4384-862D-1E4E900E81A3}.Debug|Any CPU.Build.0 = Debug|Any CPU
		{BF64EDD0-87A2-4384-862D-1E4E900E81A3}.Debug|x64.ActiveCfg = Debug|Any CPU
		{BF64EDD0-87A2-4384-862D-1E4E900E81A3}.Debug|x64.Build.0 = Debug|Any CPU
		{BF64EDD0-87A2-4384-862D-1E4E900E81A3}.Debug|x86.ActiveCfg = Debug|Any CPU
		{BF64EDD0-87A2-4384-862D-1E4E900E81A3}.Debug|x86.Build.0 = Debug|Any CPU
		{BF64EDD0-87A2-4384-862D-1E4E900E81A3}.Release|Any CPU.ActiveCfg = Release|Any CPU
		{BF64EDD0-87A2-4384-862D-1E4E900E81A3}.Release|Any CPU.Build.0 = Release|Any CPU
		{BF64EDD0-87A2-4384-862D-1E4E900E81A3}.Release|x64.ActiveCfg = Release|Any CPU
		{BF64EDD0-87A2-4384-862D-1E4E900E81A3}.Release|x64.Build.0 = Release|Any CPU
		{BF64EDD0-87A2-4384-862D-1E4E900E81A3}.Release|x86.ActiveCfg = Release|Any CPU
		{BF64EDD0-87A2-4384-862D-1E4E900E81A3}.Release|x86.Build.0 = Release|Any CPU
		{378EE6A8-C495-4BC0-8DF0-AF18C6F251C7}.Debug|Any CPU.ActiveCfg = Debug|Any CPU
		{378EE6A8-C495-4BC0-8DF0-AF18C6F251C7}.Debug|Any CPU.Build.0 = Debug|Any CPU
		{378EE6A8-C495-4BC0-8DF0-AF18C6F251C7}.Debug|x64.ActiveCfg = Debug|Any CPU
		{378EE6A8-C495-4BC0-8DF0-AF18C6F251C7}.Debug|x64.Build.0 = Debug|Any CPU
		{378EE6A8-C495-4BC0-8DF0-AF18C6F251C7}.Debug|x86.ActiveCfg = Debug|Any CPU
		{378EE6A8-C495-4BC0-8DF0-AF18C6F251C7}.Debug|x86.Build.0 = Debug|Any CPU
		{378EE6A8-C495-4BC0-8DF0-AF18C6F251C7}.Release|Any CPU.ActiveCfg = Release|Any CPU
		{378EE6A8-C495-4BC0-8DF0-AF18C6F251C7}.Release|Any CPU.Build.0 = Release|Any CPU
		{378EE6A8-C495-4BC0-8DF0-AF18C6F251C7}.Release|x64.ActiveCfg = Release|Any CPU
		{378EE6A8-C495-4BC0-8DF0-AF18C6F251C7}.Release|x64.Build.0 = Release|Any CPU
		{378EE6A8-C495-4BC0-8DF0-AF18C6F251C7}.Release|x86.ActiveCfg = Release|Any CPU
		{378EE6A8-C495-4BC0-8DF0-AF18C6F251C7}.Release|x86.Build.0 = Release|Any CPU
		{BE49B41D-3FAB-42ED-ABDA-0788235C438F}.Debug|Any CPU.ActiveCfg = Debug|Any CPU
		{BE49B41D-3FAB-42ED-ABDA-0788235C438F}.Debug|Any CPU.Build.0 = Debug|Any CPU
		{BE49B41D-3FAB-42ED-ABDA-0788235C438F}.Debug|x64.ActiveCfg = Debug|Any CPU
		{BE49B41D-3FAB-42ED-ABDA-0788235C438F}.Debug|x64.Build.0 = Debug|Any CPU
		{BE49B41D-3FAB-42ED-ABDA-0788235C438F}.Debug|x86.ActiveCfg = Debug|Any CPU
		{BE49B41D-3FAB-42ED-ABDA-0788235C438F}.Debug|x86.Build.0 = Debug|Any CPU
		{BE49B41D-3FAB-42ED-ABDA-0788235C438F}.Release|Any CPU.ActiveCfg = Release|Any CPU
		{BE49B41D-3FAB-42ED-ABDA-0788235C438F}.Release|Any CPU.Build.0 = Release|Any CPU
		{BE49B41D-3FAB-42ED-ABDA-0788235C438F}.Release|x64.ActiveCfg = Release|Any CPU
		{BE49B41D-3FAB-42ED-ABDA-0788235C438F}.Release|x64.Build.0 = Release|Any CPU
		{BE49B41D-3FAB-42ED-ABDA-0788235C438F}.Release|x86.ActiveCfg = Release|Any CPU
		{BE49B41D-3FAB-42ED-ABDA-0788235C438F}.Release|x86.Build.0 = Release|Any CPU
		{6D384A25-E44E-401D-A40F-2ACB3E1B05A0}.Debug|Any CPU.ActiveCfg = Debug|Any CPU
		{6D384A25-E44E-401D-A40F-2ACB3E1B05A0}.Debug|Any CPU.Build.0 = Debug|Any CPU
		{6D384A25-E44E-401D-A40F-2ACB3E1B05A0}.Debug|x64.ActiveCfg = Debug|Any CPU
		{6D384A25-E44E-401D-A40F-2ACB3E1B05A0}.Debug|x64.Build.0 = Debug|Any CPU
		{6D384A25-E44E-401D-A40F-2ACB3E1B05A0}.Debug|x86.ActiveCfg = Debug|Any CPU
		{6D384A25-E44E-401D-A40F-2ACB3E1B05A0}.Debug|x86.Build.0 = Debug|Any CPU
		{6D384A25-E44E-401D-A40F-2ACB3E1B05A0}.Release|Any CPU.ActiveCfg = Release|Any CPU
		{6D384A25-E44E-401D-A40F-2ACB3E1B05A0}.Release|Any CPU.Build.0 = Release|Any CPU
		{6D384A25-E44E-401D-A40F-2ACB3E1B05A0}.Release|x64.ActiveCfg = Release|Any CPU
		{6D384A25-E44E-401D-A40F-2ACB3E1B05A0}.Release|x64.Build.0 = Release|Any CPU
		{6D384A25-E44E-401D-A40F-2ACB3E1B05A0}.Release|x86.ActiveCfg = Release|Any CPU
		{6D384A25-E44E-401D-A40F-2ACB3E1B05A0}.Release|x86.Build.0 = Release|Any CPU
		{D365F0CF-9BEE-4C80-88A7-33CBE298C72C}.Debug|Any CPU.ActiveCfg = Debug|Any CPU
		{D365F0CF-9BEE-4C80-88A7-33CBE298C72C}.Debug|Any CPU.Build.0 = Debug|Any CPU
		{D365F0CF-9BEE-4C80-88A7-33CBE298C72C}.Debug|x64.ActiveCfg = Debug|Any CPU
		{D365F0CF-9BEE-4C80-88A7-33CBE298C72C}.Debug|x64.Build.0 = Debug|Any CPU
		{D365F0CF-9BEE-4C80-88A7-33CBE298C72C}.Debug|x86.ActiveCfg = Debug|Any CPU
		{D365F0CF-9BEE-4C80-88A7-33CBE298C72C}.Debug|x86.Build.0 = Debug|Any CPU
		{D365F0CF-9BEE-4C80-88A7-33CBE298C72C}.Release|Any CPU.ActiveCfg = Release|Any CPU
		{D365F0CF-9BEE-4C80-88A7-33CBE298C72C}.Release|Any CPU.Build.0 = Release|Any CPU
		{D365F0CF-9BEE-4C80-88A7-33CBE298C72C}.Release|x64.ActiveCfg = Release|Any CPU
		{D365F0CF-9BEE-4C80-88A7-33CBE298C72C}.Release|x64.Build.0 = Release|Any CPU
		{D365F0CF-9BEE-4C80-88A7-33CBE298C72C}.Release|x86.ActiveCfg = Release|Any CPU
		{D365F0CF-9BEE-4C80-88A7-33CBE298C72C}.Release|x86.Build.0 = Release|Any CPU
		{AEF98456-3516-482D-8400-F60EEA3C0FE7}.Debug|Any CPU.ActiveCfg = Debug|Any CPU
		{AEF98456-3516-482D-8400-F60EEA3C0FE7}.Debug|Any CPU.Build.0 = Debug|Any CPU
		{AEF98456-3516-482D-8400-F60EEA3C0FE7}.Debug|x64.ActiveCfg = Debug|Any CPU
		{AEF98456-3516-482D-8400-F60EEA3C0FE7}.Debug|x64.Build.0 = Debug|Any CPU
		{AEF98456-3516-482D-8400-F60EEA3C0FE7}.Debug|x86.ActiveCfg = Debug|Any CPU
		{AEF98456-3516-482D-8400-F60EEA3C0FE7}.Debug|x86.Build.0 = Debug|Any CPU
		{AEF98456-3516-482D-8400-F60EEA3C0FE7}.Release|Any CPU.ActiveCfg = Release|Any CPU
		{AEF98456-3516-482D-8400-F60EEA3C0FE7}.Release|Any CPU.Build.0 = Release|Any CPU
		{AEF98456-3516-482D-8400-F60EEA3C0FE7}.Release|x64.ActiveCfg = Release|Any CPU
		{AEF98456-3516-482D-8400-F60EEA3C0FE7}.Release|x64.Build.0 = Release|Any CPU
		{AEF98456-3516-482D-8400-F60EEA3C0FE7}.Release|x86.ActiveCfg = Release|Any CPU
		{AEF98456-3516-482D-8400-F60EEA3C0FE7}.Release|x86.Build.0 = Release|Any CPU
	EndGlobalSection
	GlobalSection(SolutionProperties) = preSolution
		HideSolutionNode = FALSE
	EndGlobalSection
	GlobalSection(NestedProjects) = preSolution
		{E5DE6B69-5BDA-4F23-925A-032F88648A67} = {827E0CD3-B72D-47B6-A68D-7590B98EB39B}
		{BF64EDD0-87A2-4384-862D-1E4E900E81A3} = {827E0CD3-B72D-47B6-A68D-7590B98EB39B}
		{378EE6A8-C495-4BC0-8DF0-AF18C6F251C7} = {827E0CD3-B72D-47B6-A68D-7590B98EB39B}
		{BE49B41D-3FAB-42ED-ABDA-0788235C438F} = {827E0CD3-B72D-47B6-A68D-7590B98EB39B}
		{6D384A25-E44E-401D-A40F-2ACB3E1B05A0} = {827E0CD3-B72D-47B6-A68D-7590B98EB39B}
		{D365F0CF-9BEE-4C80-88A7-33CBE298C72C} = {827E0CD3-B72D-47B6-A68D-7590B98EB39B}
		{AEF98456-3516-482D-8400-F60EEA3C0FE7} = {827E0CD3-B72D-47B6-A68D-7590B98EB39B}
	EndGlobalSection
EndGlobal
